
Microsoft Visual Studio Solution File, Format Version 12.00
# Visual Studio Version 17
VisualStudioVersion = 17.8.34511.84
MinimumVisualStudioVersion = 10.0.40219.1
Project("{FAE04EC0-301F-11D3-BF4B-00C04F79EFBC}") = "RaspberryPiIoT", "RaspberryPiIoT.csproj", "{4DB1EC4E-7E94-4710-8E6B-4360664483EA}"
EndProject
Global
	GlobalSection(SolutionConfigurationPlatforms) = preSolution
		Debug|Any CPU = Debug|Any CPU
		Release|Any CPU = Release|Any CPU
	EndGlobalSection
	GlobalSection(ProjectConfigurationPlatforms) = postSolution
		{4DB1EC4E-7E94-4710-8E6B-4360664483EA}.Debug|Any CPU.ActiveCfg = Debug|Any CPU
		{4DB1EC4E-7E94-4710-8E6B-4360664483EA}.Debug|Any CPU.Build.0 = Debug|Any CPU
		{4DB1EC4E-7E94-4710-8E6B-4360664483EA}.Release|Any CPU.ActiveCfg = Release|Any CPU
		{4DB1EC4E-7E94-4710-8E6B-4360664483EA}.Release|Any CPU.Build.0 = Release|Any CPU
	EndGlobalSection
	GlobalSection(SolutionProperties) = preSolution
		HideSolutionNode = FALSE
	EndGlobalSection
	GlobalSection(ExtensibilityGlobals) = postSolution
		SolutionGuid = {0A8CD041-60E6-4F29-91A5-50EE98B1C290}
	EndGlobalSection
EndGlobal
